{
  "version": "4",
  "specifiers": {
    "jsr:@std/assert@*": "1.0.11",
    "jsr:@std/internal@^1.0.5": "1.0.5"
  },
  "jsr": {
    "@std/assert@1.0.11": {
      "integrity": "2461ef3c368fe88bc60e186e7744a93112f16fd110022e113a0849e94d1c83c1",
      "dependencies": [
        "jsr:@std/internal"
      ]
    },
    "@std/internal@1.0.5": {
      "integrity": "54a546004f769c1ac9e025abd15a76b6671ddc9687e2313b67376125650dc7ba"
    }
  },
  "workspace": {
    "packageJson": {
      "dependencies": [
        "npm:@eslint/js@^9.20.0",
        "npm:@types/node@latest",
        "npm:ava@latest",
        "npm:bun@^1.2.2",
        "npm:canvas@^3.1.0",
        "npm:colors@latest",
        "npm:deno@^2.2.1",
        "npm:eslint@^9.20.1",
        "npm:fast-glob@latest",
        "npm:globals@^15.15.0",
        "npm:jest@latest",
        "npm:mocha@latest",
        "npm:sails@latest",
        "npm:tape@latest",
        "npm:vega-lite@^5.23.0",
        "npm:vega@^5.31.0",
        "npm:vitest@latest"
      ]
    }
  }
}
